// !$*UTF8*$!
{
	archiveVersion = 1;
	classes = {
	};
	objectVersion = 56;
	objects = {

/* Begin PBXBuildFile section */
		103603662B29A10D00D0AAD4 /* AppNotificationCenter.swift in Sources */ = {isa = PBXBuildFile; fileRef = 103603652B29A10D00D0AAD4 /* AppNotificationCenter.swift */; };
		1036CC2B2B27FC7B00BD78B6 /* Mapper.swift in Sources */ = {isa = PBXBuildFile; fileRef = 1036CC2A2B27FC7B00BD78B6 /* Mapper.swift */; };
		1036CC2D2B28015400BD78B6 /* AppError.swift in Sources */ = {isa = PBXBuildFile; fileRef = 1036CC2C2B28015400BD78B6 /* AppError.swift */; };
		10A611882B5515F600CFE22F /* HomePresenterTests.swift in Sources */ = {isa = PBXBuildFile; fileRef = 10A611872B5515F600CFE22F /* HomePresenterTests.swift */; };
		10B89C512B16C3DB001C0E96 /* AppDelegate.swift in Sources */ = {isa = PBXBuildFile; fileRef = 10B89C502B16C3DB001C0E96 /* AppDelegate.swift */; };
		10B89C532B16C3DB001C0E96 /* SceneDelegate.swift in Sources */ = {isa = PBXBuildFile; fileRef = 10B89C522B16C3DB001C0E96 /* SceneDelegate.swift */; };
		10B89C552B16C3DB001C0E96 /* HomeViewController.swift in Sources */ = {isa = PBXBuildFile; fileRef = 10B89C542B16C3DB001C0E96 /* HomeViewController.swift */; };
		10B89C582B16C3DB001C0E96 /* HomeView.storyboard in Resources */ = {isa = PBXBuildFile; fileRef = 10B89C562B16C3DB001C0E96 /* HomeView.storyboard */; };
		10B89C5A2B16C3DC001C0E96 /* Assets.xcassets in Resources */ = {isa = PBXBuildFile; fileRef = 10B89C592B16C3DC001C0E96 /* Assets.xcassets */; };
		10B89C5D2B16C3DC001C0E96 /* LaunchScreen.storyboard in Resources */ = {isa = PBXBuildFile; fileRef = 10B89C5B2B16C3DC001C0E96 /* LaunchScreen.storyboard */; };
		10B89C682B16C3DC001C0E96 /* ios_training_bjungTests.swift in Sources */ = {isa = PBXBuildFile; fileRef = 10B89C672B16C3DC001C0E96 /* ios_training_bjungTests.swift */; };
		10B89C822B16C807001C0E96 /* YumemiWeather in Frameworks */ = {isa = PBXBuildFile; productRef = 10B89C812B16C807001C0E96 /* YumemiWeather */; };
		10B8E1542B317A9E00E148DF /* FirstPresenter.swift in Sources */ = {isa = PBXBuildFile; fileRef = 10B8E1532B317A9E00E148DF /* FirstPresenter.swift */; };
		10D758C32B1EC5D1002E4EB6 /* Router.swift in Sources */ = {isa = PBXBuildFile; fileRef = 10D758C22B1EC5D1002E4EB6 /* Router.swift */; };
		10D758C52B1EDA55002E4EB6 /* FirstView.storyboard in Resources */ = {isa = PBXBuildFile; fileRef = 10D758C42B1EDA55002E4EB6 /* FirstView.storyboard */; };
		10D758C72B1EDA8B002E4EB6 /* FirstViewController.swift in Sources */ = {isa = PBXBuildFile; fileRef = 10D758C62B1EDA8B002E4EB6 /* FirstViewController.swift */; };
		10D91C652B19B9ED00BAE764 /* WeatherModel.swift in Sources */ = {isa = PBXBuildFile; fileRef = 10D91C642B19B9ED00BAE764 /* WeatherModel.swift */; };
		10E1140E2B19A90A00117A7D /* HomePresenter.swift in Sources */ = {isa = PBXBuildFile; fileRef = 10E1140D2B19A90A00117A7D /* HomePresenter.swift */; };
		10E659262B3ABC37007DE50B /* WeatherCondition.swift in Sources */ = {isa = PBXBuildFile; fileRef = 10E659252B3ABC37007DE50B /* WeatherCondition.swift */; };
/* End PBXBuildFile section */

/* Begin PBXContainerItemProxy section */
		10B89C642B16C3DC001C0E96 /* PBXContainerItemProxy */ = {
			isa = PBXContainerItemProxy;
			containerPortal = 10B89C452B16C3DB001C0E96 /* Project object */;
			proxyType = 1;
			remoteGlobalIDString = 10B89C4C2B16C3DB001C0E96;
			remoteInfo = "ios-training-bjung";
		};
/* End PBXContainerItemProxy section */

/* Begin PBXFileReference section */
		103603652B29A10D00D0AAD4 /* AppNotificationCenter.swift */ = {isa = PBXFileReference; lastKnownFileType = sourcecode.swift; path = AppNotificationCenter.swift; sourceTree = "<group>"; };
		1036CC2A2B27FC7B00BD78B6 /* Mapper.swift */ = {isa = PBXFileReference; lastKnownFileType = sourcecode.swift; path = Mapper.swift; sourceTree = "<group>"; };
		1036CC2C2B28015400BD78B6 /* AppError.swift */ = {isa = PBXFileReference; lastKnownFileType = sourcecode.swift; path = AppError.swift; sourceTree = "<group>"; };
		10A611872B5515F600CFE22F /* HomePresenterTests.swift */ = {isa = PBXFileReference; lastKnownFileType = sourcecode.swift; path = HomePresenterTests.swift; sourceTree = "<group>"; };
		10B89C4D2B16C3DB001C0E96 /* ios-training-bjung.app */ = {isa = PBXFileReference; explicitFileType = wrapper.application; includeInIndex = 0; path = "ios-training-bjung.app"; sourceTree = BUILT_PRODUCTS_DIR; };
		10B89C502B16C3DB001C0E96 /* AppDelegate.swift */ = {isa = PBXFileReference; lastKnownFileType = sourcecode.swift; path = AppDelegate.swift; sourceTree = "<group>"; };
		10B89C522B16C3DB001C0E96 /* SceneDelegate.swift */ = {isa = PBXFileReference; lastKnownFileType = sourcecode.swift; path = SceneDelegate.swift; sourceTree = "<group>"; };
		10B89C542B16C3DB001C0E96 /* HomeViewController.swift */ = {isa = PBXFileReference; lastKnownFileType = sourcecode.swift; path = HomeViewController.swift; sourceTree = "<group>"; };
		10B89C572B16C3DB001C0E96 /* Base */ = {isa = PBXFileReference; lastKnownFileType = file.storyboard; name = Base; path = Base.lproj/HomeView.storyboard; sourceTree = "<group>"; };
		10B89C592B16C3DC001C0E96 /* Assets.xcassets */ = {isa = PBXFileReference; lastKnownFileType = folder.assetcatalog; path = Assets.xcassets; sourceTree = "<group>"; };
		10B89C5C2B16C3DC001C0E96 /* Base */ = {isa = PBXFileReference; lastKnownFileType = file.storyboard; name = Base; path = Base.lproj/LaunchScreen.storyboard; sourceTree = "<group>"; };
		10B89C5E2B16C3DC001C0E96 /* Info.plist */ = {isa = PBXFileReference; lastKnownFileType = text.plist.xml; path = Info.plist; sourceTree = "<group>"; };
		10B89C632B16C3DC001C0E96 /* ios-training-bjungTests.xctest */ = {isa = PBXFileReference; explicitFileType = wrapper.cfbundle; includeInIndex = 0; path = "ios-training-bjungTests.xctest"; sourceTree = BUILT_PRODUCTS_DIR; };
		10B89C672B16C3DC001C0E96 /* ios_training_bjungTests.swift */ = {isa = PBXFileReference; lastKnownFileType = sourcecode.swift; path = ios_training_bjungTests.swift; sourceTree = "<group>"; };
		10B89C732B16C3DC001C0E96 /* ios_training_bjungUITestsLaunchTests.swift */ = {isa = PBXFileReference; lastKnownFileType = sourcecode.swift; path = ios_training_bjungUITestsLaunchTests.swift; sourceTree = "<group>"; };
		10B8E1532B317A9E00E148DF /* FirstPresenter.swift */ = {isa = PBXFileReference; lastKnownFileType = sourcecode.swift; path = FirstPresenter.swift; sourceTree = "<group>"; };
		10D758C22B1EC5D1002E4EB6 /* Router.swift */ = {isa = PBXFileReference; lastKnownFileType = sourcecode.swift; path = Router.swift; sourceTree = "<group>"; };
		10D758C42B1EDA55002E4EB6 /* FirstView.storyboard */ = {isa = PBXFileReference; lastKnownFileType = file.storyboard; path = FirstView.storyboard; sourceTree = "<group>"; };
		10D758C62B1EDA8B002E4EB6 /* FirstViewController.swift */ = {isa = PBXFileReference; lastKnownFileType = sourcecode.swift; path = FirstViewController.swift; sourceTree = "<group>"; };
		10D91C642B19B9ED00BAE764 /* WeatherModel.swift */ = {isa = PBXFileReference; lastKnownFileType = sourcecode.swift; path = WeatherModel.swift; sourceTree = "<group>"; };
		10E1140D2B19A90A00117A7D /* HomePresenter.swift */ = {isa = PBXFileReference; lastKnownFileType = sourcecode.swift; path = HomePresenter.swift; sourceTree = "<group>"; };
		10E659252B3ABC37007DE50B /* WeatherCondition.swift */ = {isa = PBXFileReference; lastKnownFileType = sourcecode.swift; path = WeatherCondition.swift; sourceTree = "<group>"; };
/* End PBXFileReference section */

/* Begin PBXFrameworksBuildPhase section */
		10B89C4A2B16C3DB001C0E96 /* Frameworks */ = {
			isa = PBXFrameworksBuildPhase;
			buildActionMask = 2147483647;
			files = (
				10B89C822B16C807001C0E96 /* YumemiWeather in Frameworks */,
			);
			runOnlyForDeploymentPostprocessing = 0;
		};
		10B89C602B16C3DC001C0E96 /* Frameworks */ = {
			isa = PBXFrameworksBuildPhase;
			buildActionMask = 2147483647;
			files = (
			);
			runOnlyForDeploymentPostprocessing = 0;
		};
/* End PBXFrameworksBuildPhase section */

/* Begin PBXGroup section */
		1036CC292B27FC6700BD78B6 /* Common */ = {
			isa = PBXGroup;
			children = (
				1036CC2A2B27FC7B00BD78B6 /* Mapper.swift */,
				1036CC2C2B28015400BD78B6 /* AppError.swift */,
				10E659252B3ABC37007DE50B /* WeatherCondition.swift */,
			);
			path = Common;
			sourceTree = "<group>";
		};
		1070B7752B21532100F8C77D /* Views */ = {
			isa = PBXGroup;
			children = (
				10B89C542B16C3DB001C0E96 /* HomeViewController.swift */,
				10D758C62B1EDA8B002E4EB6 /* FirstViewController.swift */,
			);
			path = Views;
			sourceTree = "<group>";
		};
		1070B7762B21532F00F8C77D /* Models */ = {
			isa = PBXGroup;
			children = (
				10D91C642B19B9ED00BAE764 /* WeatherModel.swift */,
			);
			path = Models;
			sourceTree = "<group>";
		};
		1070B7772B21533500F8C77D /* Presenters */ = {
			isa = PBXGroup;
			children = (
				10E1140D2B19A90A00117A7D /* HomePresenter.swift */,
				10B8E1532B317A9E00E148DF /* FirstPresenter.swift */,
			);
			path = Presenters;
			sourceTree = "<group>";
		};
		1070B77A2B2153C600F8C77D /* Storyboards */ = {
			isa = PBXGroup;
			children = (
				10B89C5B2B16C3DC001C0E96 /* LaunchScreen.storyboard */,
				10D758C42B1EDA55002E4EB6 /* FirstView.storyboard */,
				10B89C562B16C3DB001C0E96 /* HomeView.storyboard */,
			);
			path = Storyboards;
			sourceTree = "<group>";
		};
		10B89C442B16C3DB001C0E96 = {
			isa = PBXGroup;
			children = (
				10B89C4F2B16C3DB001C0E96 /* ios-training-bjung */,
				10B89C662B16C3DC001C0E96 /* ios-training-bjungTests */,
				10B89C702B16C3DC001C0E96 /* ios-training-bjungUITests */,
				10B89C4E2B16C3DB001C0E96 /* Products */,
			);
			sourceTree = "<group>";
		};
		10B89C4E2B16C3DB001C0E96 /* Products */ = {
			isa = PBXGroup;
			children = (
				10B89C4D2B16C3DB001C0E96 /* ios-training-bjung.app */,
				10B89C632B16C3DC001C0E96 /* ios-training-bjungTests.xctest */,
			);
			name = Products;
			sourceTree = "<group>";
		};
		10B89C4F2B16C3DB001C0E96 /* ios-training-bjung */ = {
			isa = PBXGroup;
			children = (
				1036CC292B27FC6700BD78B6 /* Common */,
				1070B77A2B2153C600F8C77D /* Storyboards */,
				1070B7772B21533500F8C77D /* Presenters */,
				1070B7762B21532F00F8C77D /* Models */,
				1070B7752B21532100F8C77D /* Views */,
				10B89C502B16C3DB001C0E96 /* AppDelegate.swift */,
				10B89C522B16C3DB001C0E96 /* SceneDelegate.swift */,
				10B89C592B16C3DC001C0E96 /* Assets.xcassets */,
				10B89C5E2B16C3DC001C0E96 /* Info.plist */,
				10D758C22B1EC5D1002E4EB6 /* Router.swift */,
				103603652B29A10D00D0AAD4 /* AppNotificationCenter.swift */,
			);
			path = "ios-training-bjung";
			sourceTree = "<group>";
		};
		10B89C662B16C3DC001C0E96 /* ios-training-bjungTests */ = {
			isa = PBXGroup;
			children = (
				10B89C672B16C3DC001C0E96 /* ios_training_bjungTests.swift */,
				10A611872B5515F600CFE22F /* HomePresenterTests.swift */,
			);
			path = "ios-training-bjungTests";
			sourceTree = "<group>";
		};
		10B89C702B16C3DC001C0E96 /* ios-training-bjungUITests */ = {
			isa = PBXGroup;
			children = (
				10B89C732B16C3DC001C0E96 /* ios_training_bjungUITestsLaunchTests.swift */,
			);
			path = "ios-training-bjungUITests";
			sourceTree = "<group>";
		};
/* End PBXGroup section */

/* Begin PBXNativeTarget section */
		10B89C4C2B16C3DB001C0E96 /* ios-training-bjung */ = {
			isa = PBXNativeTarget;
			buildConfigurationList = 10B89C772B16C3DC001C0E96 /* Build configuration list for PBXNativeTarget "ios-training-bjung" */;
			buildPhases = (
				10B89C492B16C3DB001C0E96 /* Sources */,
				10B89C4A2B16C3DB001C0E96 /* Frameworks */,
				10B89C4B2B16C3DB001C0E96 /* Resources */,
			);
			buildRules = (
			);
			dependencies = (
			);
			name = "ios-training-bjung";
			packageProductDependencies = (
				10B89C812B16C807001C0E96 /* YumemiWeather */,
			);
			productName = "ios-training-bjung";
			productReference = 10B89C4D2B16C3DB001C0E96 /* ios-training-bjung.app */;
			productType = "com.apple.product-type.application";
		};
		10B89C622B16C3DC001C0E96 /* ios-training-bjungTests */ = {
			isa = PBXNativeTarget;
			buildConfigurationList = 10B89C7A2B16C3DC001C0E96 /* Build configuration list for PBXNativeTarget "ios-training-bjungTests" */;
			buildPhases = (
				10B89C5F2B16C3DC001C0E96 /* Sources */,
				10B89C602B16C3DC001C0E96 /* Frameworks */,
				10B89C612B16C3DC001C0E96 /* Resources */,
			);
			buildRules = (
			);
			dependencies = (
				10B89C652B16C3DC001C0E96 /* PBXTargetDependency */,
			);
			name = "ios-training-bjungTests";
			productName = "ios-training-bjungTests";
			productReference = 10B89C632B16C3DC001C0E96 /* ios-training-bjungTests.xctest */;
			productType = "com.apple.product-type.bundle.unit-test";
		};
/* End PBXNativeTarget section */

/* Begin PBXProject section */
		10B89C452B16C3DB001C0E96 /* Project object */ = {
			isa = PBXProject;
			attributes = {
				BuildIndependentTargetsInParallel = 1;
				LastSwiftUpdateCheck = 1420;
				LastUpgradeCheck = 1520;
				TargetAttributes = {
					10B89C4C2B16C3DB001C0E96 = {
						CreatedOnToolsVersion = 14.2;
					};
					10B89C622B16C3DC001C0E96 = {
						CreatedOnToolsVersion = 14.2;
						TestTargetID = 10B89C4C2B16C3DB001C0E96;
					};
				};
			};
			buildConfigurationList = 10B89C482B16C3DB001C0E96 /* Build configuration list for PBXProject "ios-training-bjung" */;
			compatibilityVersion = "Xcode 14.0";
			developmentRegion = en;
			hasScannedForEncodings = 0;
			knownRegions = (
				en,
				Base,
			);
			mainGroup = 10B89C442B16C3DB001C0E96;
			packageReferences = (
				10B89C802B16C807001C0E96 /* XCRemoteSwiftPackageReference "ios-training" */,
			);
			productRefGroup = 10B89C4E2B16C3DB001C0E96 /* Products */;
			projectDirPath = "";
			projectRoot = "";
			targets = (
				10B89C4C2B16C3DB001C0E96 /* ios-training-bjung */,
				10B89C622B16C3DC001C0E96 /* ios-training-bjungTests */,
			);
		};
/* End PBXProject section */

/* Begin PBXResourcesBuildPhase section */
		10B89C4B2B16C3DB001C0E96 /* Resources */ = {
			isa = PBXResourcesBuildPhase;
			buildActionMask = 2147483647;
			files = (
				10B89C5D2B16C3DC001C0E96 /* LaunchScreen.storyboard in Resources */,
				10B89C5A2B16C3DC001C0E96 /* Assets.xcassets in Resources */,
				10D758C52B1EDA55002E4EB6 /* FirstView.storyboard in Resources */,
				10B89C582B16C3DB001C0E96 /* HomeView.storyboard in Resources */,
			);
			runOnlyForDeploymentPostprocessing = 0;
		};
		10B89C612B16C3DC001C0E96 /* Resources */ = {
			isa = PBXResourcesBuildPhase;
			buildActionMask = 2147483647;
			files = (
			);
			runOnlyForDeploymentPostprocessing = 0;
		};
/* End PBXResourcesBuildPhase section */

/* Begin PBXSourcesBuildPhase section */
		10B89C492B16C3DB001C0E96 /* Sources */ = {
			isa = PBXSourcesBuildPhase;
			buildActionMask = 2147483647;
			files = (
				10B89C552B16C3DB001C0E96 /* HomeViewController.swift in Sources */,
				10B89C512B16C3DB001C0E96 /* AppDelegate.swift in Sources */,
				1036CC2D2B28015400BD78B6 /* AppError.swift in Sources */,
				10B89C532B16C3DB001C0E96 /* SceneDelegate.swift in Sources */,
				10E1140E2B19A90A00117A7D /* HomePresenter.swift in Sources */,
				1036CC2B2B27FC7B00BD78B6 /* Mapper.swift in Sources */,
				10D758C32B1EC5D1002E4EB6 /* Router.swift in Sources */,
				10D91C652B19B9ED00BAE764 /* WeatherModel.swift in Sources */,
				10D758C72B1EDA8B002E4EB6 /* FirstViewController.swift in Sources */,
				10B8E1542B317A9E00E148DF /* FirstPresenter.swift in Sources */,
				103603662B29A10D00D0AAD4 /* AppNotificationCenter.swift in Sources */,
				10E659262B3ABC37007DE50B /* WeatherCondition.swift in Sources */,
			);
			runOnlyForDeploymentPostprocessing = 0;
		};
		10B89C5F2B16C3DC001C0E96 /* Sources */ = {
			isa = PBXSourcesBuildPhase;
			buildActionMask = 2147483647;
			files = (
				10B89C682B16C3DC001C0E96 /* ios_training_bjungTests.swift in Sources */,
				10A611882B5515F600CFE22F /* HomePresenterTests.swift in Sources */,
			);
			runOnlyForDeploymentPostprocessing = 0;
		};
/* End PBXSourcesBuildPhase section */

/* Begin PBXTargetDependency section */
		10B89C652B16C3DC001C0E96 /* PBXTargetDependency */ = {
			isa = PBXTargetDependency;
			target = 10B89C4C2B16C3DB001C0E96 /* ios-training-bjung */;
			targetProxy = 10B89C642B16C3DC001C0E96 /* PBXContainerItemProxy */;
		};
/* End PBXTargetDependency section */

/* Begin PBXVariantGroup section */
		10B89C562B16C3DB001C0E96 /* HomeView.storyboard */ = {
			isa = PBXVariantGroup;
			children = (
				10B89C572B16C3DB001C0E96 /* Base */,
			);
			name = HomeView.storyboard;
			sourceTree = "<group>";
		};
		10B89C5B2B16C3DC001C0E96 /* LaunchScreen.storyboard */ = {
			isa = PBXVariantGroup;
			children = (
				10B89C5C2B16C3DC001C0E96 /* Base */,
			);
			name = LaunchScreen.storyboard;
			sourceTree = "<group>";
		};
/* End PBXVariantGroup section */

/* Begin XCBuildConfiguration section */
		10B89C752B16C3DC001C0E96 /* Debug */ = {
			isa = XCBuildConfiguration;
			buildSettings = {
				ALWAYS_SEARCH_USER_PATHS = NO;
				CLANG_ANALYZER_NONNULL = YES;
				CLANG_ANALYZER_NUMBER_OBJECT_CONVERSION = YES_AGGRESSIVE;
				CLANG_CXX_LANGUAGE_STANDARD = "gnu++20";
				CLANG_ENABLE_MODULES = YES;
				CLANG_ENABLE_OBJC_ARC = YES;
				CLANG_ENABLE_OBJC_WEAK = YES;
				CLANG_WARN_BLOCK_CAPTURE_AUTORELEASING = YES;
				CLANG_WARN_BOOL_CONVERSION = YES;
				CLANG_WARN_COMMA = YES;
				CLANG_WARN_CONSTANT_CONVERSION = YES;
				CLANG_WARN_DEPRECATED_OBJC_IMPLEMENTATIONS = YES;
				CLANG_WARN_DIRECT_OBJC_ISA_USAGE = YES_ERROR;
				CLANG_WARN_DOCUMENTATION_COMMENTS = YES;
				CLANG_WARN_EMPTY_BODY = YES;
				CLANG_WARN_ENUM_CONVERSION = YES;
				CLANG_WARN_INFINITE_RECURSION = YES;
				CLANG_WARN_INT_CONVERSION = YES;
				CLANG_WARN_NON_LITERAL_NULL_CONVERSION = YES;
				CLANG_WARN_OBJC_IMPLICIT_RETAIN_SELF = YES;
				CLANG_WARN_OBJC_LITERAL_CONVERSION = YES;
				CLANG_WARN_OBJC_ROOT_CLASS = YES_ERROR;
				CLANG_WARN_QUOTED_INCLUDE_IN_FRAMEWORK_HEADER = YES;
				CLANG_WARN_RANGE_LOOP_ANALYSIS = YES;
				CLANG_WARN_STRICT_PROTOTYPES = YES;
				CLANG_WARN_SUSPICIOUS_MOVE = YES;
				CLANG_WARN_UNGUARDED_AVAILABILITY = YES_AGGRESSIVE;
				CLANG_WARN_UNREACHABLE_CODE = YES;
				CLANG_WARN__DUPLICATE_METHOD_MATCH = YES;
				COPY_PHASE_STRIP = NO;
				DEBUG_INFORMATION_FORMAT = dwarf;
				ENABLE_STRICT_OBJC_MSGSEND = YES;
				ENABLE_TESTABILITY = YES;
				ENABLE_USER_SCRIPT_SANDBOXING = YES;
				GCC_C_LANGUAGE_STANDARD = gnu11;
				GCC_DYNAMIC_NO_PIC = NO;
				GCC_NO_COMMON_BLOCKS = YES;
				GCC_OPTIMIZATION_LEVEL = 0;
				GCC_PREPROCESSOR_DEFINITIONS = (
					"DEBUG=1",
					"$(inherited)",
				);
				GCC_WARN_64_TO_32_BIT_CONVERSION = YES;
				GCC_WARN_ABOUT_RETURN_TYPE = YES_ERROR;
				GCC_WARN_UNDECLARED_SELECTOR = YES;
				GCC_WARN_UNINITIALIZED_AUTOS = YES_AGGRESSIVE;
				GCC_WARN_UNUSED_FUNCTION = YES;
				GCC_WARN_UNUSED_VARIABLE = YES;
				IPHONEOS_DEPLOYMENT_TARGET = 16.2;
				MTL_ENABLE_DEBUG_INFO = INCLUDE_SOURCE;
				MTL_FAST_MATH = YES;
				ONLY_ACTIVE_ARCH = YES;
				SDKROOT = iphoneos;
				SWIFT_ACTIVE_COMPILATION_CONDITIONS = DEBUG;
				SWIFT_OPTIMIZATION_LEVEL = "-Onone";
				SWIFT_STRICT_CONCURRENCY = complete;
			};
			name = Debug;
		};
		10B89C762B16C3DC001C0E96 /* Release */ = {
			isa = XCBuildConfiguration;
			buildSettings = {
				ALWAYS_SEARCH_USER_PATHS = NO;
				CLANG_ANALYZER_NONNULL = YES;
				CLANG_ANALYZER_NUMBER_OBJECT_CONVERSION = YES_AGGRESSIVE;
				CLANG_CXX_LANGUAGE_STANDARD = "gnu++20";
				CLANG_ENABLE_MODULES = YES;
				CLANG_ENABLE_OBJC_ARC = YES;
				CLANG_ENABLE_OBJC_WEAK = YES;
				CLANG_WARN_BLOCK_CAPTURE_AUTORELEASING = YES;
				CLANG_WARN_BOOL_CONVERSION = YES;
				CLANG_WARN_COMMA = YES;
				CLANG_WARN_CONSTANT_CONVERSION = YES;
				CLANG_WARN_DEPRECATED_OBJC_IMPLEMENTATIONS = YES;
				CLANG_WARN_DIRECT_OBJC_ISA_USAGE = YES_ERROR;
				CLANG_WARN_DOCUMENTATION_COMMENTS = YES;
				CLANG_WARN_EMPTY_BODY = YES;
				CLANG_WARN_ENUM_CONVERSION = YES;
				CLANG_WARN_INFINITE_RECURSION = YES;
				CLANG_WARN_INT_CONVERSION = YES;
				CLANG_WARN_NON_LITERAL_NULL_CONVERSION = YES;
				CLANG_WARN_OBJC_IMPLICIT_RETAIN_SELF = YES;
				CLANG_WARN_OBJC_LITERAL_CONVERSION = YES;
				CLANG_WARN_OBJC_ROOT_CLASS = YES_ERROR;
				CLANG_WARN_QUOTED_INCLUDE_IN_FRAMEWORK_HEADER = YES;
				CLANG_WARN_RANGE_LOOP_ANALYSIS = YES;
				CLANG_WARN_STRICT_PROTOTYPES = YES;
				CLANG_WARN_SUSPICIOUS_MOVE = YES;
				CLANG_WARN_UNGUARDED_AVAILABILITY = YES_AGGRESSIVE;
				CLANG_WARN_UNREACHABLE_CODE = YES;
				CLANG_WARN__DUPLICATE_METHOD_MATCH = YES;
				COPY_PHASE_STRIP = NO;
				DEBUG_INFORMATION_FORMAT = "dwarf-with-dsym";
				ENABLE_NS_ASSERTIONS = NO;
				ENABLE_STRICT_OBJC_MSGSEND = YES;
				ENABLE_USER_SCRIPT_SANDBOXING = YES;
				GCC_C_LANGUAGE_STANDARD = gnu11;
				GCC_NO_COMMON_BLOCKS = YES;
				GCC_WARN_64_TO_32_BIT_CONVERSION = YES;
				GCC_WARN_ABOUT_RETURN_TYPE = YES_ERROR;
				GCC_WARN_UNDECLARED_SELECTOR = YES;
				GCC_WARN_UNINITIALIZED_AUTOS = YES_AGGRESSIVE;
				GCC_WARN_UNUSED_FUNCTION = YES;
				GCC_WARN_UNUSED_VARIABLE = YES;
				IPHONEOS_DEPLOYMENT_TARGET = 16.2;
				MTL_ENABLE_DEBUG_INFO = NO;
				MTL_FAST_MATH = YES;
				SDKROOT = iphoneos;
				SWIFT_COMPILATION_MODE = wholemodule;
				SWIFT_OPTIMIZATION_LEVEL = "-O";
				SWIFT_STRICT_CONCURRENCY = complete;
				VALIDATE_PRODUCT = YES;
			};
			name = Release;
		};
		10B89C782B16C3DC001C0E96 /* Debug */ = {
			isa = XCBuildConfiguration;
			buildSettings = {
				ASSETCATALOG_COMPILER_APPICON_NAME = AppIcon;
				ASSETCATALOG_COMPILER_GLOBAL_ACCENT_COLOR_NAME = AccentColor;
				CODE_SIGN_STYLE = Automatic;
				CURRENT_PROJECT_VERSION = 1;
				GENERATE_INFOPLIST_FILE = YES;
				INFOPLIST_FILE = "ios-training-bjung/Info.plist";
				INFOPLIST_KEY_UIApplicationSupportsIndirectInputEvents = YES;
				INFOPLIST_KEY_UILaunchStoryboardName = LaunchScreen;
				INFOPLIST_KEY_UISupportedInterfaceOrientations_iPad = "UIInterfaceOrientationPortrait UIInterfaceOrientationPortraitUpsideDown UIInterfaceOrientationLandscapeLeft UIInterfaceOrientationLandscapeRight";
				INFOPLIST_KEY_UISupportedInterfaceOrientations_iPhone = "UIInterfaceOrientationPortrait UIInterfaceOrientationLandscapeLeft UIInterfaceOrientationLandscapeRight";
				LD_RUNPATH_SEARCH_PATHS = (
					"$(inherited)",
					"@executable_path/Frameworks",
				);
				MARKETING_VERSION = 1.0;
				PRODUCT_BUNDLE_IDENTIFIER = "bjung.ios-training-bjung";
				PRODUCT_NAME = "$(TARGET_NAME)";
				SWIFT_EMIT_LOC_STRINGS = YES;
				SWIFT_VERSION = 5.0;
				TARGETED_DEVICE_FAMILY = "1,2";
			};
			name = Debug;
		};
		10B89C792B16C3DC001C0E96 /* Release */ = {
			isa = XCBuildConfiguration;
			buildSettings = {
				ASSETCATALOG_COMPILER_APPICON_NAME = AppIcon;
				ASSETCATALOG_COMPILER_GLOBAL_ACCENT_COLOR_NAME = AccentColor;
				CODE_SIGN_STYLE = Automatic;
				CURRENT_PROJECT_VERSION = 1;
				GENERATE_INFOPLIST_FILE = YES;
				INFOPLIST_FILE = "ios-training-bjung/Info.plist";
				INFOPLIST_KEY_UIApplicationSupportsIndirectInputEvents = YES;
				INFOPLIST_KEY_UILaunchStoryboardName = LaunchScreen;
				INFOPLIST_KEY_UISupportedInterfaceOrientations_iPad = "UIInterfaceOrientationPortrait UIInterfaceOrientationPortraitUpsideDown UIInterfaceOrientationLandscapeLeft UIInterfaceOrientationLandscapeRight";
				INFOPLIST_KEY_UISupportedInterfaceOrientations_iPhone = "UIInterfaceOrientationPortrait UIInterfaceOrientationLandscapeLeft UIInterfaceOrientationLandscapeRight";
				LD_RUNPATH_SEARCH_PATHS = (
					"$(inherited)",
					"@executable_path/Frameworks",
				);
				MARKETING_VERSION = 1.0;
				PRODUCT_BUNDLE_IDENTIFIER = "bjung.ios-training-bjung";
				PRODUCT_NAME = "$(TARGET_NAME)";
				SWIFT_EMIT_LOC_STRINGS = YES;
				SWIFT_VERSION = 5.0;
				TARGETED_DEVICE_FAMILY = "1,2";
			};
			name = Release;
		};
		10B89C7B2B16C3DC001C0E96 /* Debug */ = {
			isa = XCBuildConfiguration;
			buildSettings = {
				ALWAYS_EMBED_SWIFT_STANDARD_LIBRARIES = YES;
				BUNDLE_LOADER = "$(TEST_HOST)";
				CODE_SIGN_STYLE = Automatic;
				CURRENT_PROJECT_VERSION = 1;
				GENERATE_INFOPLIST_FILE = YES;
				IPHONEOS_DEPLOYMENT_TARGET = 16.2;
				MARKETING_VERSION = 1.0;
				PRODUCT_BUNDLE_IDENTIFIER = "bjung.ios-training-bjungTests";
				PRODUCT_NAME = "$(TARGET_NAME)";
				SWIFT_EMIT_LOC_STRINGS = NO;
				SWIFT_VERSION = 5.0;
				TARGETED_DEVICE_FAMILY = "1,2";
				TEST_HOST = "$(BUILT_PRODUCTS_DIR)/ios-training-bjung.app/$(BUNDLE_EXECUTABLE_FOLDER_PATH)/ios-training-bjung";
			};
			name = Debug;
		};
		10B89C7C2B16C3DC001C0E96 /* Release */ = {
			isa = XCBuildConfiguration;
			buildSettings = {
				ALWAYS_EMBED_SWIFT_STANDARD_LIBRARIES = YES;
				BUNDLE_LOADER = "$(TEST_HOST)";
				CODE_SIGN_STYLE = Automatic;
				CURRENT_PROJECT_VERSION = 1;
				GENERATE_INFOPLIST_FILE = YES;
				IPHONEOS_DEPLOYMENT_TARGET = 16.2;
				MARKETING_VERSION = 1.0;
				PRODUCT_BUNDLE_IDENTIFIER = "bjung.ios-training-bjungTests";
				PRODUCT_NAME = "$(TARGET_NAME)";
				SWIFT_EMIT_LOC_STRINGS = NO;
				SWIFT_VERSION = 5.0;
				TARGETED_DEVICE_FAMILY = "1,2";
				TEST_HOST = "$(BUILT_PRODUCTS_DIR)/ios-training-bjung.app/$(BUNDLE_EXECUTABLE_FOLDER_PATH)/ios-training-bjung";
			};
			name = Release;
		};
/* End XCBuildConfiguration section */

/* Begin XCConfigurationList section */
		10B89C482B16C3DB001C0E96 /* Build configuration list for PBXProject "ios-training-bjung" */ = {
			isa = XCConfigurationList;
			buildConfigurations = (
				10B89C752B16C3DC001C0E96 /* Debug */,
				10B89C762B16C3DC001C0E96 /* Release */,
			);
			defaultConfigurationIsVisible = 0;
			defaultConfigurationName = Release;
		};
		10B89C772B16C3DC001C0E96 /* Build configuration list for PBXNativeTarget "ios-training-bjung" */ = {
			isa = XCConfigurationList;
			buildConfigurations = (
				10B89C782B16C3DC001C0E96 /* Debug */,
				10B89C792B16C3DC001C0E96 /* Release */,
			);
			defaultConfigurationIsVisible = 0;
			defaultConfigurationName = Release;
		};
		10B89C7A2B16C3DC001C0E96 /* Build configuration list for PBXNativeTarget "ios-training-bjungTests" */ = {
			isa = XCConfigurationList;
			buildConfigurations = (
				10B89C7B2B16C3DC001C0E96 /* Debug */,
				10B89C7C2B16C3DC001C0E96 /* Release */,
			);
			defaultConfigurationIsVisible = 0;
			defaultConfigurationName = Release;
		};
/* End XCConfigurationList section */

/* Begin XCRemoteSwiftPackageReference section */
		10B89C802B16C807001C0E96 /* XCRemoteSwiftPackageReference "ios-training" */ = {
			isa = XCRemoteSwiftPackageReference;
			repositoryURL = "https://github.com/yumemi-inc/ios-training.git";
			requirement = {
				branch = main;
				kind = branch;
			};
		};
/* End XCRemoteSwiftPackageReference section */

/* Begin XCSwiftPackageProductDependency section */
		10B89C812B16C807001C0E96 /* YumemiWeather */ = {
			isa = XCSwiftPackageProductDependency;
			package = 10B89C802B16C807001C0E96 /* XCRemoteSwiftPackageReference "ios-training" */;
			productName = YumemiWeather;
		};
/* End XCSwiftPackageProductDependency section */
	};
	rootObject = 10B89C452B16C3DB001C0E96 /* Project object */;
}
